
Microsoft Visual Studio Solution File, Format Version 12.00
# Visual Studio Version 17
VisualStudioVersion = 17.12.35527.113 d17.12
MinimumVisualStudioVersion = 10.0.40219.1
Project("{FAE04EC0-301F-11D3-BF4B-00C04F79EFBC}") = "ServicioProducto", "ServicioProducto\ServicioProducto.csproj", "{B98926DE-A9E0-4492-9DAD-8264DF700065}"
EndProject
Project("{FAE04EC0-301F-11D3-BF4B-00C04F79EFBC}") = "Productos.Aplicacion", "Productos.Aplicacion\Productos.Aplicacion.csproj", "{77C39616-5089-48BE-9376-8530B1CEB4AA}"
EndProject
Project("{FAE04EC0-301F-11D3-BF4B-00C04F79EFBC}") = "Productos.Dominio", "Productos.Dominio\Productos.Dominio.csproj", "{0B541C90-5184-4BB6-9949-F6722EC9B811}"
EndProject
Project("{FAE04EC0-301F-11D3-BF4B-00C04F79EFBC}") = "Productos.Infraestructura", "Productos.Infraestructura\Productos.Infraestructura.csproj", "{D44C9A39-6901-49A7-A25D-FA295504BF62}"
EndProject
Global
	GlobalSection(SolutionConfigurationPlatforms) = preSolution
		Debug|Any CPU = Debug|Any CPU
		Release|Any CPU = Release|Any CPU
	EndGlobalSection
	GlobalSection(ProjectConfigurationPlatforms) = postSolution
		{B98926DE-A9E0-4492-9DAD-8264DF700065}.Debug|Any CPU.ActiveCfg = Debug|Any CPU
		{B98926DE-A9E0-4492-9DAD-8264DF700065}.Debug|Any CPU.Build.0 = Debug|Any CPU
		{B98926DE-A9E0-4492-9DAD-8264DF700065}.Release|Any CPU.ActiveCfg = Release|Any CPU
		{B98926DE-A9E0-4492-9DAD-8264DF700065}.Release|Any CPU.Build.0 = Release|Any CPU
		{77C39616-5089-48BE-9376-8530B1CEB4AA}.Debug|Any CPU.ActiveCfg = Debug|Any CPU
		{77C39616-5089-48BE-9376-8530B1CEB4AA}.Debug|Any CPU.Build.0 = Debug|Any CPU
		{77C39616-5089-48BE-9376-8530B1CEB4AA}.Release|Any CPU.ActiveCfg = Release|Any CPU
		{77C39616-5089-48BE-9376-8530B1CEB4AA}.Release|Any CPU.Build.0 = Release|Any CPU
		{0B541C90-5184-4BB6-9949-F6722EC9B811}.Debug|Any CPU.ActiveCfg = Debug|Any CPU
		{0B541C90-5184-4BB6-9949-F6722EC9B811}.Debug|Any CPU.Build.0 = Debug|Any CPU
		{0B541C90-5184-4BB6-9949-F6722EC9B811}.Release|Any CPU.ActiveCfg = Release|Any CPU
		{0B541C90-5184-4BB6-9949-F6722EC9B811}.Release|Any CPU.Build.0 = Release|Any CPU
		{D44C9A39-6901-49A7-A25D-FA295504BF62}.Debug|Any CPU.ActiveCfg = Debug|Any CPU
		{D44C9A39-6901-49A7-A25D-FA295504BF62}.Debug|Any CPU.Build.0 = Debug|Any CPU
		{D44C9A39-6901-49A7-A25D-FA295504BF62}.Release|Any CPU.ActiveCfg = Release|Any CPU
		{D44C9A39-6901-49A7-A25D-FA295504BF62}.Release|Any CPU.Build.0 = Release|Any CPU
	EndGlobalSection
	GlobalSection(SolutionProperties) = preSolution
		HideSolutionNode = FALSE
	EndGlobalSection
EndGlobal
